# THIS IS AN AUTOGENERATED FILE. DO NOT EDIT THIS FILE DIRECTLY.
# yarn lockfile v1


"@websanova/url@^2.6.3":
  version "2.6.3"
  resolved "https://registry.yarnpkg.com/@websanova/url/-/url-2.6.3.tgz#4da0c686e78b3612be48dcb9c0c60274360a1075"
  integrity sha512-+gLI+9nIVPg3X4VcC30MUrGd9/DmYPla2ryzl7qKzIbH07wgsgy99H2WRsSFweVgV4FLkTHEpClj1//t0u+FLw==

bootstrap-table@^1.17.1:
  version "1.17.1"
  resolved "https://registry.yarnpkg.com/bootstrap-table/-/bootstrap-table-1.17.1.tgz#53b9062d1b9e3ba59a4a47d14d90e81fb54195b0"
  integrity sha512-FEBd8xwaOLOLwtdme3HVr0RI0TPnvoMd/M3iVSX1w5ZLrbbMHU+Eh0YbGvOLSAfduL+9rDZ/cG/5Qe057o0cIg==

bootstrap@^3.3.7:
  version "3.4.1"
  resolved "https://registry.yarnpkg.com/bootstrap/-/bootstrap-3.4.1.tgz#c3a347d419e289ad11f4033e3c4132b87c081d72"
  integrity sha512-yN5oZVmRCwe5aKwzRj6736nSmKDX7pLYwsXiCj/EYmo16hODaBiT4En5btW/jhBF/seV+XMx3aYwukYC3A49DA==

bootswatch@^3.3.7:
  version "3.4.1"
  resolved "https://registry.yarnpkg.com/bootswatch/-/bootswatch-3.4.1.tgz#50aed16fb04ec791c3dd8831515c29d4a757fdb9"
  integrity sha512-0hL4A8OUiqABgPipGrojf/hyhr5RS257xCNARlbK34HaMfhV5fXvwEooN4/ri9+jgX47J4Wg24ZPmfZ2xD2cKw==

dhilux@joeytakeda/dhilux:
  version "0.2.0"
  resolved "https://codeload.github.com/joeytakeda/dhilux/tar.gz/116e14933751584cb333c5d37497b456c0d28029"
  dependencies:
    modularscale-sass "^3.0.10"

emitter-component@^1.1.1:
  version "1.1.1"
  resolved "https://registry.yarnpkg.com/emitter-component/-/emitter-component-1.1.1.tgz#065e2dbed6959bf470679edabeaf7981d1003ab6"
  integrity sha1-Bl4tvtaVm/RwZ57avq95gdEAOrY=

gexf-js@sfu-dhil/gexf-js:
  version "0.0.0"
  resolved "https://codeload.github.com/sfu-dhil/gexf-js/tar.gz/8cc5f99e09b48ef3def75ffedbe773962f819090"

google-diff-match-patch-js@sfu-dhil/google-diff-match-patch-js:
  version "1.0.0"
  resolved "https://codeload.github.com/sfu-dhil/google-diff-match-patch-js/tar.gz/8f89e75107c714bbf89f58901e8c6b30fbdfac96"

hammerjs@^2.0.8:
  version "2.0.8"
  resolved "https://registry.yarnpkg.com/hammerjs/-/hammerjs-2.0.8.tgz#04ef77862cff2bb79d30f7692095930222bf60f1"
  integrity sha1-BO93hiz/K7edMPdpIJWTAiK/YPE=

htmldiff@sfu-dhil/htmldiff.js:
  version "0.0.4"
  resolved "https://codeload.github.com/sfu-dhil/htmldiff.js/tar.gz/f083fa4c05bf36d5c4e5ea513547517f4bc69b5b"

jquery-mousewheel@^3.1.13:
  version "3.1.13"
  resolved "https://registry.yarnpkg.com/jquery-mousewheel/-/jquery-mousewheel-3.1.13.tgz#06f0335f16e353a695e7206bf50503cb523a6ee5"
  integrity sha1-BvAzXxbjU6aV5yBr9QUDy1I6buU=

jquery-ui-dist@^1.12.1:
  version "1.12.1"
  resolved "https://registry.yarnpkg.com/jquery-ui-dist/-/jquery-ui-dist-1.12.1.tgz#5c0815d3cc6f90ff5faaf5b268a6e23b4ca904fa"
  integrity sha1-XAgV08xvkP9fqvWyaKbiO0ypBPo=

jquery@^3.5.1:
  version "3.5.1"
  resolved "https://registry.yarnpkg.com/jquery/-/jquery-3.5.1.tgz#d7b4d08e1bfdb86ad2f1a3d039ea17304717abb5"
  integrity sha512-XwIBPqcMn57FxfT+Go5pzySnm4KWkT1Tv7gjrpT1srtf8Weynl6R273VJ5GjkRb51IzMp5nbaPjJXMWeju2MKg==

js-cookie@^2.2.1:
  version "2.2.1"
  resolved "https://registry.yarnpkg.com/js-cookie/-/js-cookie-2.2.1.tgz#69e106dc5d5806894562902aa5baec3744e9b2b8"
  integrity sha512-HvdH2LzI/EAZcUwA8+0nKNtWHqS+ZmijLA30RwZA0bo7ToCckjK5MkGhjED9KoRcXO6BaGI3I9UIzSA1FKFPOQ==

keycharm@^0.2.0:
  version "0.2.0"
  resolved "https://registry.yarnpkg.com/keycharm/-/keycharm-0.2.0.tgz#fa6ea2e43b90a68028843d27f2075d35a8c3e6f9"
  integrity sha1-+m6i5DuQpoAohD0n8gddNajD5vk=

modularscale-sass@^3.0.10:
  version "3.0.10"
  resolved "https://registry.yarnpkg.com/modularscale-sass/-/modularscale-sass-3.0.10.tgz#3a596b090360129dd2375bee81b9318085cb47b3"
  integrity sha512-ppbMfcXC+ESpqk1s8BfqsuY85DTAJdoPLxrYFohAUjg3r9eh2CBm2Wn7+JAh26DbRpAHynRt3a8ma2FOfk7JGA==

moment@^2.18.1, moment@^2.23.0:
  version "2.27.0"
  resolved "https://registry.yarnpkg.com/moment/-/moment-2.27.0.tgz#8bff4e3e26a236220dfe3e36de756b6ebaa0105d"
  integrity sha512-al0MUK7cpIcglMv3YF13qSgdAIqxHTO7brRtaz3DlSULbqfazqkc5kEjNrLDOM7fsjshoFIihnU8snrP7zUvhQ==

propagating-hammerjs@^1.4.6:
  version "1.4.7"
  resolved "https://registry.yarnpkg.com/propagating-hammerjs/-/propagating-hammerjs-1.4.7.tgz#671ab1791a7f88b9dccce8fd8b14a9655950e7d6"
  integrity sha512-oW9Wd+W2Tp5uOz6Fh4mEU7p+FoyU85smLH/mPga83Loh0pHa6AH4ZHGywvwMk3TWP31l7iUsvJyW265p4Ipwrg==
  dependencies:
    hammerjs "^2.0.8"

tablesorter@christianbach/tablesorter:
  version "2.0.5"
  resolved "https://codeload.github.com/christianbach/tablesorter/tar.gz/07e0918254df3c2057d6d8e4653a0769f1881412"

timeseries@mlvl/timeseries:
  version "0.0.0"
  resolved "https://codeload.github.com/mlvl/timeseries/tar.gz/a66c07875a53e9b718bfc8ac1ad77af32e5a4c8c"

vis@^4.21.0-EOL:
  version "4.21.0-EOL"
  resolved "https://registry.yarnpkg.com/vis/-/vis-4.21.0-EOL.tgz#e397085d439de6f6ff1f3c46287e5bef51b47b03"
  integrity sha512-JVS1mywKg5S88XbkDJPfCb3n+vlg5fMA8Ae2hzs3KHAwD4ryM5qwlbFZ6ReDfY8te7I4NLCpuCoywJQEehvJlQ==
  dependencies:
    emitter-component "^1.1.1"
    hammerjs "^2.0.8"
    keycharm "^0.2.0"
    moment "^2.18.1"
    propagating-hammerjs "^1.4.6"
